
Microsoft Visual Studio Solution File, Format Version 12.00
# Visual Studio 15
VisualStudioVersion = 15.0.28010.2050
MinimumVisualStudioVersion = 10.0.40219.1
Project("{9A19103F-16F7-4668-BE54-9A1E7A4F7556}") = "HandwritingRecognition", "HandwritingRecognition\HandwritingRecognition.csproj", "{65446031-7EAD-4949-82F1-5C0D39A21966}"
EndProject
Project("{9A19103F-16F7-4668-BE54-9A1E7A4F7556}") = "NeuralNetwork", "NeuralNetwork\NeuralNetwork.csproj", "{1A3C9219-9852-444C-AFCC-2E11E84FA0AD}"
EndProject
Global
	GlobalSection(SolutionConfigurationPlatforms) = preSolution
		Debug|Any CPU = Debug|Any CPU
		Release|Any CPU = Release|Any CPU
	EndGlobalSection
	GlobalSection(ProjectConfigurationPlatforms) = postSolution
		{65446031-7EAD-4949-82F1-5C0D39A21966}.Debug|Any CPU.ActiveCfg = Debug|Any CPU
		{65446031-7EAD-4949-82F1-5C0D39A21966}.Debug|Any CPU.Build.0 = Debug|Any CPU
		{65446031-7EAD-4949-82F1-5C0D39A21966}.Release|Any CPU.ActiveCfg = Release|Any CPU
		{65446031-7EAD-4949-82F1-5C0D39A21966}.Release|Any CPU.Build.0 = Release|Any CPU
		{1A3C9219-9852-444C-AFCC-2E11E84FA0AD}.Debug|Any CPU.ActiveCfg = Debug|Any CPU
		{1A3C9219-9852-444C-AFCC-2E11E84FA0AD}.Debug|Any CPU.Build.0 = Debug|Any CPU
		{1A3C9219-9852-444C-AFCC-2E11E84FA0AD}.Release|Any CPU.ActiveCfg = Release|Any CPU
		{1A3C9219-9852-444C-AFCC-2E11E84FA0AD}.Release|Any CPU.Build.0 = Release|Any CPU
	EndGlobalSection
	GlobalSection(SolutionProperties) = preSolution
		HideSolutionNode = FALSE
	EndGlobalSection
	GlobalSection(ExtensibilityGlobals) = postSolution
		SolutionGuid = {788D02E7-476E-458D-9D54-D5F4977A10BF}
	EndGlobalSection
EndGlobal
